
Microsoft Visual Studio Solution File, Format Version 12.00
# Visual Studio Version 17
VisualStudioVersion = 17.5.33414.496
MinimumVisualStudioVersion = 10.0.40219.1
Project("{FAE04EC0-301F-11D3-BF4B-00C04F79EFBC}") = "LocationService.DataStore", "LocationService.DataStore\LocationService.DataStore.csproj", "{A9FEE991-F715-431F-B5B9-0ACCC5C3C09A}"
EndProject
Project("{FAE04EC0-301F-11D3-BF4B-00C04F79EFBC}") = "LocationService.Models", "LocationService.Models\LocationService.Models.csproj", "{008912C7-0235-4C73-AD2B-87383E86160D}"
EndProject
Project("{FAE04EC0-301F-11D3-BF4B-00C04F79EFBC}") = "LocationService.WebApi", "LocationService.WebApi\LocationService.WebApi.csproj", "{8D0C7640-D494-4510-9CF9-AAD21EEDC611}"
EndProject
Global
	GlobalSection(SolutionConfigurationPlatforms) = preSolution
		Debug|Any CPU = Debug|Any CPU
		Release|Any CPU = Release|Any CPU
	EndGlobalSection
	GlobalSection(ProjectConfigurationPlatforms) = postSolution
		{A9FEE991-F715-431F-B5B9-0ACCC5C3C09A}.Debug|Any CPU.ActiveCfg = Debug|Any CPU
		{A9FEE991-F715-431F-B5B9-0ACCC5C3C09A}.Debug|Any CPU.Build.0 = Debug|Any CPU
		{A9FEE991-F715-431F-B5B9-0ACCC5C3C09A}.Release|Any CPU.ActiveCfg = Release|Any CPU
		{A9FEE991-F715-431F-B5B9-0ACCC5C3C09A}.Release|Any CPU.Build.0 = Release|Any CPU
		{008912C7-0235-4C73-AD2B-87383E86160D}.Debug|Any CPU.ActiveCfg = Debug|Any CPU
		{008912C7-0235-4C73-AD2B-87383E86160D}.Debug|Any CPU.Build.0 = Debug|Any CPU
		{008912C7-0235-4C73-AD2B-87383E86160D}.Release|Any CPU.ActiveCfg = Release|Any CPU
		{008912C7-0235-4C73-AD2B-87383E86160D}.Release|Any CPU.Build.0 = Release|Any CPU
		{8D0C7640-D494-4510-9CF9-AAD21EEDC611}.Debug|Any CPU.ActiveCfg = Debug|Any CPU
		{8D0C7640-D494-4510-9CF9-AAD21EEDC611}.Debug|Any CPU.Build.0 = Debug|Any CPU
		{8D0C7640-D494-4510-9CF9-AAD21EEDC611}.Release|Any CPU.ActiveCfg = Release|Any CPU
		{8D0C7640-D494-4510-9CF9-AAD21EEDC611}.Release|Any CPU.Build.0 = Release|Any CPU
	EndGlobalSection
	GlobalSection(SolutionProperties) = preSolution
		HideSolutionNode = FALSE
	EndGlobalSection
	GlobalSection(ExtensibilityGlobals) = postSolution
		SolutionGuid = {B62D98F8-DCEF-40E5-B67A-9AA77ED48016}
	EndGlobalSection
EndGlobal
