
Microsoft Visual Studio Solution File, Format Version 12.00
# Visual Studio Version 17
VisualStudioVersion = 17.4.33205.214
MinimumVisualStudioVersion = 10.0.40219.1
Project("{9A19103F-16F7-4668-BE54-9A1E7A4F7556}") = "DonationService.DataStore", "DonationService.DataStore\DonationService.DataStore.csproj", "{C82FEBB7-E343-44CE-B70C-24EFC3DDE426}"
EndProject
Project("{9A19103F-16F7-4668-BE54-9A1E7A4F7556}") = "DonationService.Models", "DonationService.Models\DonationService.Models.csproj", "{2315384D-9AD7-4FAA-A246-5B59F8D120E2}"
EndProject
Project("{9A19103F-16F7-4668-BE54-9A1E7A4F7556}") = "DonationService.WebApi", "DonationService.WebApi\DonationService.WebApi.csproj", "{BFC5FFA5-781F-414C-B378-23B25E225C3C}"
EndProject
Project("{FAE04EC0-301F-11D3-BF4B-00C04F79EFBC}") = "DonationService.Clients", "DonationService.Clients\DonationService.Clients.csproj", "{DACB74AC-EE0C-4968-A313-815659C1440F}"
EndProject
Global
	GlobalSection(SolutionConfigurationPlatforms) = preSolution
		Debug|Any CPU = Debug|Any CPU
		Release|Any CPU = Release|Any CPU
	EndGlobalSection
	GlobalSection(ProjectConfigurationPlatforms) = postSolution
		{C82FEBB7-E343-44CE-B70C-24EFC3DDE426}.Debug|Any CPU.ActiveCfg = Debug|Any CPU
		{C82FEBB7-E343-44CE-B70C-24EFC3DDE426}.Debug|Any CPU.Build.0 = Debug|Any CPU
		{C82FEBB7-E343-44CE-B70C-24EFC3DDE426}.Release|Any CPU.ActiveCfg = Release|Any CPU
		{C82FEBB7-E343-44CE-B70C-24EFC3DDE426}.Release|Any CPU.Build.0 = Release|Any CPU
		{2315384D-9AD7-4FAA-A246-5B59F8D120E2}.Debug|Any CPU.ActiveCfg = Debug|Any CPU
		{2315384D-9AD7-4FAA-A246-5B59F8D120E2}.Debug|Any CPU.Build.0 = Debug|Any CPU
		{2315384D-9AD7-4FAA-A246-5B59F8D120E2}.Release|Any CPU.ActiveCfg = Release|Any CPU
		{2315384D-9AD7-4FAA-A246-5B59F8D120E2}.Release|Any CPU.Build.0 = Release|Any CPU
		{BFC5FFA5-781F-414C-B378-23B25E225C3C}.Debug|Any CPU.ActiveCfg = Debug|Any CPU
		{BFC5FFA5-781F-414C-B378-23B25E225C3C}.Debug|Any CPU.Build.0 = Debug|Any CPU
		{BFC5FFA5-781F-414C-B378-23B25E225C3C}.Release|Any CPU.ActiveCfg = Release|Any CPU
		{BFC5FFA5-781F-414C-B378-23B25E225C3C}.Release|Any CPU.Build.0 = Release|Any CPU
		{DACB74AC-EE0C-4968-A313-815659C1440F}.Debug|Any CPU.ActiveCfg = Debug|Any CPU
		{DACB74AC-EE0C-4968-A313-815659C1440F}.Debug|Any CPU.Build.0 = Debug|Any CPU
		{DACB74AC-EE0C-4968-A313-815659C1440F}.Release|Any CPU.ActiveCfg = Release|Any CPU
		{DACB74AC-EE0C-4968-A313-815659C1440F}.Release|Any CPU.Build.0 = Release|Any CPU
	EndGlobalSection
	GlobalSection(SolutionProperties) = preSolution
		HideSolutionNode = FALSE
	EndGlobalSection
	GlobalSection(ExtensibilityGlobals) = postSolution
		SolutionGuid = {387BD859-A501-4A32-BAF7-893EC9D27853}
	EndGlobalSection
EndGlobal
